
Microsoft Visual Studio Solution File, Format Version 12.00
# Visual Studio Version 17
VisualStudioVersion = 17.2.32526.322
MinimumVisualStudioVersion = 10.0.40219.1
Project("{FAE04EC0-301F-11D3-BF4B-00C04F79EFBC}") = "DotNet-ININ3-PR1-SzJ", "DotNet-ININ3-PR1-SzJ\DotNet-ININ3-PR1-SzJ.csproj", "{EC22E9C7-20B7-480F-B515-53CCB1FB349A}"
EndProject
Global
	GlobalSection(SolutionConfigurationPlatforms) = preSolution
		Debug|Any CPU = Debug|Any CPU
		Release|Any CPU = Release|Any CPU
	EndGlobalSection
	GlobalSection(ProjectConfigurationPlatforms) = postSolution
		{EC22E9C7-20B7-480F-B515-53CCB1FB349A}.Debug|Any CPU.ActiveCfg = Debug|Any CPU
		{EC22E9C7-20B7-480F-B515-53CCB1FB349A}.Debug|Any CPU.Build.0 = Debug|Any CPU
		{EC22E9C7-20B7-480F-B515-53CCB1FB349A}.Release|Any CPU.ActiveCfg = Release|Any CPU
		{EC22E9C7-20B7-480F-B515-53CCB1FB349A}.Release|Any CPU.Build.0 = Release|Any CPU
	EndGlobalSection
	GlobalSection(SolutionProperties) = preSolution
		HideSolutionNode = FALSE
	EndGlobalSection
	GlobalSection(ExtensibilityGlobals) = postSolution
		SolutionGuid = {C06CEC27-2DF9-47F5-943B-E6A06C0430F1}
	EndGlobalSection
EndGlobal
